// !$*UTF8*$!
{
	archiveVersion = 1;
	classes = {
	};
	objectVersion = 50;
	objects = {

/* Begin PBXBuildFile section */
		26062C6C21858DC9006D2102 /* AppDelegate.swift in Sources */ = {isa = PBXBuildFile; fileRef = 26062C6B21858DC9006D2102 /* AppDelegate.swift */; };
		26062C6E21858DC9006D2102 /* ViewController.swift in Sources */ = {isa = PBXBuildFile; fileRef = 26062C6D21858DC9006D2102 /* ViewController.swift */; };
		26062C7121858DC9006D2102 /* Main.storyboard in Resources */ = {isa = PBXBuildFile; fileRef = 26062C6F21858DC9006D2102 /* Main.storyboard */; };
		26062C7321858DCA006D2102 /* Assets.xcassets in Resources */ = {isa = PBXBuildFile; fileRef = 26062C7221858DCA006D2102 /* Assets.xcassets */; };
		26062C7621858DCA006D2102 /* LaunchScreen.storyboard in Resources */ = {isa = PBXBuildFile; fileRef = 26062C7421858DCA006D2102 /* LaunchScreen.storyboard */; };
		26062C8121858DCA006D2102 /* KnittingCountTests.swift in Sources */ = {isa = PBXBuildFile; fileRef = 26062C8021858DCA006D2102 /* KnittingCountTests.swift */; };
		26062C8C21858DCA006D2102 /* KnittingCountUITests.swift in Sources */ = {isa = PBXBuildFile; fileRef = 26062C8B21858DCA006D2102 /* KnittingCountUITests.swift */; };
/* End PBXBuildFile section */

/* Begin PBXContainerItemProxy section */
		26062C7D21858DCA006D2102 /* PBXContainerItemProxy */ = {
			isa = PBXContainerItemProxy;
			containerPortal = 26062C6021858DC9006D2102 /* Project object */;
			proxyType = 1;
			remoteGlobalIDString = 26062C6721858DC9006D2102;
			remoteInfo = KnittingCount;
		};
		26062C8821858DCA006D2102 /* PBXContainerItemProxy */ = {
			isa = PBXContainerItemProxy;
			containerPortal = 26062C6021858DC9006D2102 /* Project object */;
			proxyType = 1;
			remoteGlobalIDString = 26062C6721858DC9006D2102;
			remoteInfo = KnittingCount;
		};
/* End PBXContainerItemProxy section */

/* Begin PBXFileReference section */
		26062C6821858DC9006D2102 /* KnittingCount.app */ = {isa = PBXFileReference; explicitFileType = wrapper.application; includeInIndex = 0; path = KnittingCount.app; sourceTree = BUILT_PRODUCTS_DIR; };
		26062C6B21858DC9006D2102 /* AppDelegate.swift */ = {isa = PBXFileReference; lastKnownFileType = sourcecode.swift; path = AppDelegate.swift; sourceTree = "<group>"; };
		26062C6D21858DC9006D2102 /* ViewController.swift */ = {isa = PBXFileReference; lastKnownFileType = sourcecode.swift; path = ViewController.swift; sourceTree = "<group>"; };
		26062C7021858DC9006D2102 /* Base */ = {isa = PBXFileReference; lastKnownFileType = file.storyboard; name = Base; path = Base.lproj/Main.storyboard; sourceTree = "<group>"; };
		26062C7221858DCA006D2102 /* Assets.xcassets */ = {isa = PBXFileReference; lastKnownFileType = folder.assetcatalog; path = Assets.xcassets; sourceTree = "<group>"; };
		26062C7521858DCA006D2102 /* Base */ = {isa = PBXFileReference; lastKnownFileType = file.storyboard; name = Base; path = Base.lproj/LaunchScreen.storyboard; sourceTree = "<group>"; };
		26062C7721858DCA006D2102 /* Info.plist */ = {isa = PBXFileReference; lastKnownFileType = text.plist.xml; path = Info.plist; sourceTree = "<group>"; };
		26062C7C21858DCA006D2102 /* KnittingCountTests.xctest */ = {isa = PBXFileReference; explicitFileType = wrapper.cfbundle; includeInIndex = 0; path = KnittingCountTests.xctest; sourceTree = BUILT_PRODUCTS_DIR; };
		26062C8021858DCA006D2102 /* KnittingCountTests.swift */ = {isa = PBXFileReference; lastKnownFileType = sourcecode.swift; path = KnittingCountTests.swift; sourceTree = "<group>"; };
		26062C8221858DCA006D2102 /* Info.plist */ = {isa = PBXFileReference; lastKnownFileType = text.plist.xml; path = Info.plist; sourceTree = "<group>"; };
		26062C8721858DCA006D2102 /* KnittingCountUITests.xctest */ = {isa = PBXFileReference; explicitFileType = wrapper.cfbundle; includeInIndex = 0; path = KnittingCountUITests.xctest; sourceTree = BUILT_PRODUCTS_DIR; };
		26062C8B21858DCA006D2102 /* KnittingCountUITests.swift */ = {isa = PBXFileReference; lastKnownFileType = sourcecode.swift; path = KnittingCountUITests.swift; sourceTree = "<group>"; };
		26062C8D21858DCA006D2102 /* Info.plist */ = {isa = PBXFileReference; lastKnownFileType = text.plist.xml; path = Info.plist; sourceTree = "<group>"; };
/* End PBXFileReference section */

/* Begin PBXFrameworksBuildPhase section */
		26062C6521858DC9006D2102 /* Frameworks */ = {
			isa = PBXFrameworksBuildPhase;
			buildActionMask = 2147483647;
			files = (
			);
			runOnlyForDeploymentPostprocessing = 0;
		};
		26062C7921858DCA006D2102 /* Frameworks */ = {
			isa = PBXFrameworksBuildPhase;
			buildActionMask = 2147483647;
			files = (
			);
			runOnlyForDeploymentPostprocessing = 0;
		};
		26062C8421858DCA006D2102 /* Frameworks */ = {
			isa = PBXFrameworksBuildPhase;
			buildActionMask = 2147483647;
			files = (
			);
			runOnlyForDeploymentPostprocessing = 0;
		};
/* End PBXFrameworksBuildPhase section */

/* Begin PBXGroup section */
		26062C5F21858DC9006D2102 = {
			isa = PBXGroup;
			children = (
				26062C6A21858DC9006D2102 /* KnittingCount */,
				26062C7F21858DCA006D2102 /* KnittingCountTests */,
				26062C8A21858DCA006D2102 /* KnittingCountUITests */,
				26062C6921858DC9006D2102 /* Products */,
			);
			sourceTree = "<group>";
		};
		26062C6921858DC9006D2102 /* Products */ = {
			isa = PBXGroup;
			children = (
				26062C6821858DC9006D2102 /* KnittingCount.app */,
				26062C7C21858DCA006D2102 /* KnittingCountTests.xctest */,
				26062C8721858DCA006D2102 /* KnittingCountUITests.xctest */,
			);
			name = Products;
			sourceTree = "<group>";
		};
		26062C6A21858DC9006D2102 /* KnittingCount */ = {
			isa = PBXGroup;
			children = (
				26062C6B21858DC9006D2102 /* AppDelegate.swift */,
				26062C6D21858DC9006D2102 /* ViewController.swift */,
				26062C6F21858DC9006D2102 /* Main.storyboard */,
				26062C7221858DCA006D2102 /* Assets.xcassets */,
				26062C7421858DCA006D2102 /* LaunchScreen.storyboard */,
				26062C7721858DCA006D2102 /* Info.plist */,
			);
			path = KnittingCount;
			sourceTree = "<group>";
		};
		26062C7F21858DCA006D2102 /* KnittingCountTests */ = {
			isa = PBXGroup;
			children = (
				26062C8021858DCA006D2102 /* KnittingCountTests.swift */,
				26062C8221858DCA006D2102 /* Info.plist */,
			);
			path = KnittingCountTests;
			sourceTree = "<group>";
		};
		26062C8A21858DCA006D2102 /* KnittingCountUITests */ = {
			isa = PBXGroup;
			children = (
				26062C8B21858DCA006D2102 /* KnittingCountUITests.swift */,
				26062C8D21858DCA006D2102 /* Info.plist */,
			);
			path = KnittingCountUITests;
			sourceTree = "<group>";
		};
/* End PBXGroup section */

/* Begin PBXNativeTarget section */
		26062C6721858DC9006D2102 /* KnittingCount */ = {
			isa = PBXNativeTarget;
			buildConfigurationList = 26062C9021858DCA006D2102 /* Build configuration list for PBXNativeTarget "KnittingCount" */;
			buildPhases = (
				26062C6421858DC9006D2102 /* Sources */,
				26062C6521858DC9006D2102 /* Frameworks */,
				26062C6621858DC9006D2102 /* Resources */,
			);
			buildRules = (
			);
			dependencies = (
			);
			name = KnittingCount;
			productName = KnittingCount;
			productReference = 26062C6821858DC9006D2102 /* KnittingCount.app */;
			productType = "com.apple.product-type.application";
		};
		26062C7B21858DCA006D2102 /* KnittingCountTests */ = {
			isa = PBXNativeTarget;
			buildConfigurationList = 26062C9321858DCA006D2102 /* Build configuration list for PBXNativeTarget "KnittingCountTests" */;
			buildPhases = (
				26062C7821858DCA006D2102 /* Sources */,
				26062C7921858DCA006D2102 /* Frameworks */,
				26062C7A21858DCA006D2102 /* Resources */,
			);
			buildRules = (
			);
			dependencies = (
				26062C7E21858DCA006D2102 /* PBXTargetDependency */,
			);
			name = KnittingCountTests;
			productName = KnittingCountTests;
			productReference = 26062C7C21858DCA006D2102 /* KnittingCountTests.xctest */;
			productType = "com.apple.product-type.bundle.unit-test";
		};
		26062C8621858DCA006D2102 /* KnittingCountUITests */ = {
			isa = PBXNativeTarget;
			buildConfigurationList = 26062C9621858DCA006D2102 /* Build configuration list for PBXNativeTarget "KnittingCountUITests" */;
			buildPhases = (
				26062C8321858DCA006D2102 /* Sources */,
				26062C8421858DCA006D2102 /* Frameworks */,
				26062C8521858DCA006D2102 /* Resources */,
			);
			buildRules = (
			);
			dependencies = (
				26062C8921858DCA006D2102 /* PBXTargetDependency */,
			);
			name = KnittingCountUITests;
			productName = KnittingCountUITests;
			productReference = 26062C8721858DCA006D2102 /* KnittingCountUITests.xctest */;
			productType = "com.apple.product-type.bundle.ui-testing";
		};
/* End PBXNativeTarget section */

/* Begin PBXProject section */
		26062C6021858DC9006D2102 /* Project object */ = {
			isa = PBXProject;
			attributes = {
				LastSwiftUpdateCheck = 0940;
				LastUpgradeCheck = 0940;
				ORGANIZATIONNAME = "Mika Arai";
				TargetAttributes = {
					26062C6721858DC9006D2102 = {
						CreatedOnToolsVersion = 9.4.1;
					};
					26062C7B21858DCA006D2102 = {
						CreatedOnToolsVersion = 9.4.1;
						TestTargetID = 26062C6721858DC9006D2102;
					};
					26062C8621858DCA006D2102 = {
						CreatedOnToolsVersion = 9.4.1;
						TestTargetID = 26062C6721858DC9006D2102;
					};
				};
			};
			buildConfigurationList = 26062C6321858DC9006D2102 /* Build configuration list for PBXProject "KnittingCount" */;
			compatibilityVersion = "Xcode 9.3";
			developmentRegion = en;
			hasScannedForEncodings = 0;
			knownRegions = (
				en,
				Base,
			);
			mainGroup = 26062C5F21858DC9006D2102;
			productRefGroup = 26062C6921858DC9006D2102 /* Products */;
			projectDirPath = "";
			projectRoot = "";
			targets = (
				26062C6721858DC9006D2102 /* KnittingCount */,
				26062C7B21858DCA006D2102 /* KnittingCountTests */,
				26062C8621858DCA006D2102 /* KnittingCountUITests */,
			);
		};
/* End PBXProject section */

/* Begin PBXResourcesBuildPhase section */
		26062C6621858DC9006D2102 /* Resources */ = {
			isa = PBXResourcesBuildPhase;
			buildActionMask = 2147483647;
			files = (
				26062C7621858DCA006D2102 /* LaunchScreen.storyboard in Resources */,
				26062C7321858DCA006D2102 /* Assets.xcassets in Resources */,
				26062C7121858DC9006D2102 /* Main.storyboard in Resources */,
			);
			runOnlyForDeploymentPostprocessing = 0;
		};
		26062C7A21858DCA006D2102 /* Resources */ = {
			isa = PBXResourcesBuildPhase;
			buildActionMask = 2147483647;
			files = (
			);
			runOnlyForDeploymentPostprocessing = 0;
		};
		26062C8521858DCA006D2102 /* Resources */ = {
			isa = PBXResourcesBuildPhase;
			buildActionMask = 2147483647;
			files = (
			);
			runOnlyForDeploymentPostprocessing = 0;
		};
/* End PBXResourcesBuildPhase section */

/* Begin PBXSourcesBuildPhase section */
		26062C6421858DC9006D2102 /* Sources */ = {
			isa = PBXSourcesBuildPhase;
			buildActionMask = 2147483647;
			files = (
				26062C6E21858DC9006D2102 /* ViewController.swift in Sources */,
				26062C6C21858DC9006D2102 /* AppDelegate.swift in Sources */,
			);
			runOnlyForDeploymentPostprocessing = 0;
		};
		26062C7821858DCA006D2102 /* Sources */ = {
			isa = PBXSourcesBuildPhase;
			buildActionMask = 2147483647;
			files = (
				26062C8121858DCA006D2102 /* KnittingCountTests.swift in Sources */,
			);
			runOnlyForDeploymentPostprocessing = 0;
		};
		26062C8321858DCA006D2102 /* Sources */ = {
			isa = PBXSourcesBuildPhase;
			buildActionMask = 2147483647;
			files = (
				26062C8C21858DCA006D2102 /* KnittingCountUITests.swift in Sources */,
			);
			runOnlyForDeploymentPostprocessing = 0;
		};
/* End PBXSourcesBuildPhase section */

/* Begin PBXTargetDependency section */
		26062C7E21858DCA006D2102 /* PBXTargetDependency */ = {
			isa = PBXTargetDependency;
			target = 26062C6721858DC9006D2102 /* KnittingCount */;
			targetProxy = 26062C7D21858DCA006D2102 /* PBXContainerItemProxy */;
		};
		26062C8921858DCA006D2102 /* PBXTargetDependency */ = {
			isa = PBXTargetDependency;
			target = 26062C6721858DC9006D2102 /* KnittingCount */;
			targetProxy = 26062C8821858DCA006D2102 /* PBXContainerItemProxy */;
		};
/* End PBXTargetDependency section */

/* Begin PBXVariantGroup section */
		26062C6F21858DC9006D2102 /* Main.storyboard */ = {
			isa = PBXVariantGroup;
			children = (
				26062C7021858DC9006D2102 /* Base */,
			);
			name = Main.storyboard;
			sourceTree = "<group>";
		};
		26062C7421858DCA006D2102 /* LaunchScreen.storyboard */ = {
			isa = PBXVariantGroup;
			children = (
				26062C7521858DCA006D2102 /* Base */,
			);
			name = LaunchScreen.storyboard;
			sourceTree = "<group>";
		};
/* End PBXVariantGroup section */

/* Begin XCBuildConfiguration section */
		26062C8E21858DCA006D2102 /* Debug */ = {
			isa = XCBuildConfiguration;
			buildSettings = {
				ALWAYS_SEARCH_USER_PATHS = NO;
				CLANG_ANALYZER_NONNULL = YES;
				CLANG_ANALYZER_NUMBER_OBJECT_CONVERSION = YES_AGGRESSIVE;
				CLANG_CXX_LANGUAGE_STANDARD = "gnu++14";
				CLANG_CXX_LIBRARY = "libc++";
				CLANG_ENABLE_MODULES = YES;
				CLANG_ENABLE_OBJC_ARC = YES;
				CLANG_ENABLE_OBJC_WEAK = YES;
				CLANG_WARN_BLOCK_CAPTURE_AUTORELEASING = YES;
				CLANG_WARN_BOOL_CONVERSION = YES;
				CLANG_WARN_COMMA = YES;
				CLANG_WARN_CONSTANT_CONVERSION = YES;
				CLANG_WARN_DEPRECATED_OBJC_IMPLEMENTATIONS = YES;
				CLANG_WARN_DIRECT_OBJC_ISA_USAGE = YES_ERROR;
				CLANG_WARN_DOCUMENTATION_COMMENTS = YES;
				CLANG_WARN_EMPTY_BODY = YES;
				CLANG_WARN_ENUM_CONVERSION = YES;
				CLANG_WARN_INFINITE_RECURSION = YES;
				CLANG_WARN_INT_CONVERSION = YES;
				CLANG_WARN_NON_LITERAL_NULL_CONVERSION = YES;
				CLANG_WARN_OBJC_IMPLICIT_RETAIN_SELF = YES;
				CLANG_WARN_OBJC_LITERAL_CONVERSION = YES;
				CLANG_WARN_OBJC_ROOT_CLASS = YES_ERROR;
				CLANG_WARN_RANGE_LOOP_ANALYSIS = YES;
				CLANG_WARN_STRICT_PROTOTYPES = YES;
				CLANG_WARN_SUSPICIOUS_MOVE = YES;
				CLANG_WARN_UNGUARDED_AVAILABILITY = YES_AGGRESSIVE;
				CLANG_WARN_UNREACHABLE_CODE = YES;
				CLANG_WARN__DUPLICATE_METHOD_MATCH = YES;
				CODE_SIGN_IDENTITY = "iPhone Developer";
				COPY_PHASE_STRIP = NO;
				DEBUG_INFORMATION_FORMAT = dwarf;
				ENABLE_STRICT_OBJC_MSGSEND = YES;
				ENABLE_TESTABILITY = YES;
				GCC_C_LANGUAGE_STANDARD = gnu11;
				GCC_DYNAMIC_NO_PIC = NO;
				GCC_NO_COMMON_BLOCKS = YES;
				GCC_OPTIMIZATION_LEVEL = 0;
				GCC_PREPROCESSOR_DEFINITIONS = (
					"DEBUG=1",
					"$(inherited)",
				);
				GCC_WARN_64_TO_32_BIT_CONVERSION = YES;
				GCC_WARN_ABOUT_RETURN_TYPE = YES_ERROR;
				GCC_WARN_UNDECLARED_SELECTOR = YES;
				GCC_WARN_UNINITIALIZED_AUTOS = YES_AGGRESSIVE;
				GCC_WARN_UNUSED_FUNCTION = YES;
				GCC_WARN_UNUSED_VARIABLE = YES;
				IPHONEOS_DEPLOYMENT_TARGET = 11.4;
				MTL_ENABLE_DEBUG_INFO = YES;
				ONLY_ACTIVE_ARCH = YES;
				SDKROOT = iphoneos;
				SWIFT_ACTIVE_COMPILATION_CONDITIONS = DEBUG;
				SWIFT_OPTIMIZATION_LEVEL = "-Onone";
			};
			name = Debug;
		};
		26062C8F21858DCA006D2102 /* Release */ = {
			isa = XCBuildConfiguration;
			buildSettings = {
				ALWAYS_SEARCH_USER_PATHS = NO;
				CLANG_ANALYZER_NONNULL = YES;
				CLANG_ANALYZER_NUMBER_OBJECT_CONVERSION = YES_AGGRESSIVE;
				CLANG_CXX_LANGUAGE_STANDARD = "gnu++14";
				CLANG_CXX_LIBRARY = "libc++";
				CLANG_ENABLE_MODULES = YES;
				CLANG_ENABLE_OBJC_ARC = YES;
				CLANG_ENABLE_OBJC_WEAK = YES;
				CLANG_WARN_BLOCK_CAPTURE_AUTORELEASING = YES;
				CLANG_WARN_BOOL_CONVERSION = YES;
				CLANG_WARN_COMMA = YES;
				CLANG_WARN_CONSTANT_CONVERSION = YES;
				CLANG_WARN_DEPRECATED_OBJC_IMPLEMENTATIONS = YES;
				CLANG_WARN_DIRECT_OBJC_ISA_USAGE = YES_ERROR;
				CLANG_WARN_DOCUMENTATION_COMMENTS = YES;
				CLANG_WARN_EMPTY_BODY = YES;
				CLANG_WARN_ENUM_CONVERSION = YES;
				CLANG_WARN_INFINITE_RECURSION = YES;
				CLANG_WARN_INT_CONVERSION = YES;
				CLANG_WARN_NON_LITERAL_NULL_CONVERSION = YES;
				CLANG_WARN_OBJC_IMPLICIT_RETAIN_SELF = YES;
				CLANG_WARN_OBJC_LITERAL_CONVERSION = YES;
				CLANG_WARN_OBJC_ROOT_CLASS = YES_ERROR;
				CLANG_WARN_RANGE_LOOP_ANALYSIS = YES;
				CLANG_WARN_STRICT_PROTOTYPES = YES;
				CLANG_WARN_SUSPICIOUS_MOVE = YES;
				CLANG_WARN_UNGUARDED_AVAILABILITY = YES_AGGRESSIVE;
				CLANG_WARN_UNREACHABLE_CODE = YES;
				CLANG_WARN__DUPLICATE_METHOD_MATCH = YES;
				CODE_SIGN_IDENTITY = "iPhone Developer";
				COPY_PHASE_STRIP = NO;
				DEBUG_INFORMATION_FORMAT = "dwarf-with-dsym";
				ENABLE_NS_ASSERTIONS = NO;
				ENABLE_STRICT_OBJC_MSGSEND = YES;
				GCC_C_LANGUAGE_STANDARD = gnu11;
				GCC_NO_COMMON_BLOCKS = YES;
				GCC_WARN_64_TO_32_BIT_CONVERSION = YES;
				GCC_WARN_ABOUT_RETURN_TYPE = YES_ERROR;
				GCC_WARN_UNDECLARED_SELECTOR = YES;
				GCC_WARN_UNINITIALIZED_AUTOS = YES_AGGRESSIVE;
				GCC_WARN_UNUSED_FUNCTION = YES;
				GCC_WARN_UNUSED_VARIABLE = YES;
				IPHONEOS_DEPLOYMENT_TARGET = 11.4;
				MTL_ENABLE_DEBUG_INFO = NO;
				SDKROOT = iphoneos;
				SWIFT_COMPILATION_MODE = wholemodule;
				SWIFT_OPTIMIZATION_LEVEL = "-O";
				VALIDATE_PRODUCT = YES;
			};
			name = Release;
		};
		26062C9121858DCA006D2102 /* Debug */ = {
			isa = XCBuildConfiguration;
			buildSettings = {
				ASSETCATALOG_COMPILER_APPICON_NAME = AppIcon;
				CODE_SIGN_STYLE = Automatic;
				INFOPLIST_FILE = KnittingCount/Info.plist;
				LD_RUNPATH_SEARCH_PATHS = (
					"$(inherited)",
					"@executable_path/Frameworks",
				);
				PRODUCT_BUNDLE_IDENTIFIER = arai.KnittingCount;
				PRODUCT_NAME = "$(TARGET_NAME)";
				SWIFT_VERSION = 4.0;
				TARGETED_DEVICE_FAMILY = "1,2";
			};
			name = Debug;
		};
		26062C9221858DCA006D2102 /* Release */ = {
			isa = XCBuildConfiguration;
			buildSettings = {
				ASSETCATALOG_COMPILER_APPICON_NAME = AppIcon;
				CODE_SIGN_STYLE = Automatic;
				INFOPLIST_FILE = KnittingCount/Info.plist;
				LD_RUNPATH_SEARCH_PATHS = (
					"$(inherited)",
					"@executable_path/Frameworks",
				);
				PRODUCT_BUNDLE_IDENTIFIER = arai.KnittingCount;
				PRODUCT_NAME = "$(TARGET_NAME)";
				SWIFT_VERSION = 4.0;
				TARGETED_DEVICE_FAMILY = "1,2";
			};
			name = Release;
		};
		26062C9421858DCA006D2102 /* Debug */ = {
			isa = XCBuildConfiguration;
			buildSettings = {
				ALWAYS_EMBED_SWIFT_STANDARD_LIBRARIES = YES;
				BUNDLE_LOADER = "$(TEST_HOST)";
				CODE_SIGN_STYLE = Automatic;
				INFOPLIST_FILE = KnittingCountTests/Info.plist;
				LD_RUNPATH_SEARCH_PATHS = (
					"$(inherited)",
					"@executable_path/Frameworks",
					"@loader_path/Frameworks",
				);
				PRODUCT_BUNDLE_IDENTIFIER = arai.KnittingCountTests;
				PRODUCT_NAME = "$(TARGET_NAME)";
				SWIFT_VERSION = 4.0;
				TARGETED_DEVICE_FAMILY = "1,2";
				TEST_HOST = "$(BUILT_PRODUCTS_DIR)/KnittingCount.app/KnittingCount";
			};
			name = Debug;
		};
		26062C9521858DCA006D2102 /* Release */ = {
			isa = XCBuildConfiguration;
			buildSettings = {
				ALWAYS_EMBED_SWIFT_STANDARD_LIBRARIES = YES;
				BUNDLE_LOADER = "$(TEST_HOST)";
				CODE_SIGN_STYLE = Automatic;
				INFOPLIST_FILE = KnittingCountTests/Info.plist;
				LD_RUNPATH_SEARCH_PATHS = (
					"$(inherited)",
					"@executable_path/Frameworks",
					"@loader_path/Frameworks",
				);
				PRODUCT_BUNDLE_IDENTIFIER = arai.KnittingCountTests;
				PRODUCT_NAME = "$(TARGET_NAME)";
				SWIFT_VERSION = 4.0;
				TARGETED_DEVICE_FAMILY = "1,2";
				TEST_HOST = "$(BUILT_PRODUCTS_DIR)/KnittingCount.app/KnittingCount";
			};
			name = Release;
		};
		26062C9721858DCA006D2102 /* Debug */ = {
			isa = XCBuildConfiguration;
			buildSettings = {
				ALWAYS_EMBED_SWIFT_STANDARD_LIBRARIES = YES;
				CODE_SIGN_STYLE = Automatic;
				INFOPLIST_FILE = KnittingCountUITests/Info.plist;
				LD_RUNPATH_SEARCH_PATHS = (
					"$(inherited)",
					"@executable_path/Frameworks",
					"@loader_path/Frameworks",
				);
				PRODUCT_BUNDLE_IDENTIFIER = arai.KnittingCountUITests;
				PRODUCT_NAME = "$(TARGET_NAME)";
				SWIFT_VERSION = 4.0;
				TARGETED_DEVICE_FAMILY = "1,2";
				TEST_TARGET_NAME = KnittingCount;
			};
			name = Debug;
		};
		26062C9821858DCA006D2102 /* Release */ = {
			isa = XCBuildConfiguration;
			buildSettings = {
				ALWAYS_EMBED_SWIFT_STANDARD_LIBRARIES = YES;
				CODE_SIGN_STYLE = Automatic;
				INFOPLIST_FILE = KnittingCountUITests/Info.plist;
				LD_RUNPATH_SEARCH_PATHS = (
					"$(inherited)",
					"@executable_path/Frameworks",
					"@loader_path/Frameworks",
				);
				PRODUCT_BUNDLE_IDENTIFIER = arai.KnittingCountUITests;
				PRODUCT_NAME = "$(TARGET_NAME)";
				SWIFT_VERSION = 4.0;
				TARGETED_DEVICE_FAMILY = "1,2";
				TEST_TARGET_NAME = KnittingCount;
			};
			name = Release;
		};
/* End XCBuildConfiguration section */

/* Begin XCConfigurationList section */
		26062C6321858DC9006D2102 /* Build configuration list for PBXProject "KnittingCount" */ = {
			isa = XCConfigurationList;
			buildConfigurations = (
				26062C8E21858DCA006D2102 /* Debug */,
				26062C8F21858DCA006D2102 /* Release */,
			);
			defaultConfigurationIsVisible = 0;
			defaultConfigurationName = Release;
		};
		26062C9021858DCA006D2102 /* Build configuration list for PBXNativeTarget "KnittingCount" */ = {
			isa = XCConfigurationList;
			buildConfigurations = (
				26062C9121858DCA006D2102 /* Debug */,
				26062C9221858DCA006D2102 /* Release */,
			);
			defaultConfigurationIsVisible = 0;
			defaultConfigurationName = Release;
		};
		26062C9321858DCA006D2102 /* Build configuration list for PBXNativeTarget "KnittingCountTests" */ = {
			isa = XCConfigurationList;
			buildConfigurations = (
				26062C9421858DCA006D2102 /* Debug */,
				26062C9521858DCA006D2102 /* Release */,
			);
			defaultConfigurationIsVisible = 0;
			defaultConfigurationName = Release;
		};
		26062C9621858DCA006D2102 /* Build configuration list for PBXNativeTarget "KnittingCountUITests" */ = {
			isa = XCConfigurationList;
			buildConfigurations = (
				26062C9721858DCA006D2102 /* Debug */,
				26062C9821858DCA006D2102 /* Release */,
			);
			defaultConfigurationIsVisible = 0;
			defaultConfigurationName = Release;
		};
/* End XCConfigurationList section */
	};
	rootObject = 26062C6021858DC9006D2102 /* Project object */;
}
